
Microsoft Visual Studio Solution File, Format Version 12.00
# Visual Studio 15
VisualStudioVersion = 15.0.26124.0
MinimumVisualStudioVersion = 15.0.26124.0
Project("{FAE04EC0-301F-11D3-BF4B-00C04F79EFBC}") = "TransactionAnalyzer", "TransactionAnalyzer\TransactionAnalyzer.csproj", "{273FEF56-D11D-4B6A-99C8-DB21138544BF}"
EndProject
Project("{FAE04EC0-301F-11D3-BF4B-00C04F79EFBC}") = "TransactionAnalyzer.Lib.Tests", "TransactionAnalyzer.Lib.Tests\TransactionAnalyzer.Lib.Tests.csproj", "{23A0CF11-1E2B-4D38-AB5F-0A77F71F56A0}"
EndProject
Project("{FAE04EC0-301F-11D3-BF4B-00C04F79EFBC}") = "TransactionAnalyzer.Lib", "TransactionAnalyzer.Lib\TransactionAnalyzer.Lib.csproj", "{DC463C63-3F52-475E-B60E-7C48529B5631}"
EndProject
Global
	GlobalSection(SolutionConfigurationPlatforms) = preSolution
		Debug|Any CPU = Debug|Any CPU
		Debug|x64 = Debug|x64
		Debug|x86 = Debug|x86
		Release|Any CPU = Release|Any CPU
		Release|x64 = Release|x64
		Release|x86 = Release|x86
	EndGlobalSection
	GlobalSection(SolutionProperties) = preSolution
		HideSolutionNode = FALSE
	EndGlobalSection
	GlobalSection(ProjectConfigurationPlatforms) = postSolution
		{273FEF56-D11D-4B6A-99C8-DB21138544BF}.Debug|Any CPU.ActiveCfg = Debug|Any CPU
		{273FEF56-D11D-4B6A-99C8-DB21138544BF}.Debug|Any CPU.Build.0 = Debug|Any CPU
		{273FEF56-D11D-4B6A-99C8-DB21138544BF}.Debug|x64.ActiveCfg = Debug|Any CPU
		{273FEF56-D11D-4B6A-99C8-DB21138544BF}.Debug|x64.Build.0 = Debug|Any CPU
		{273FEF56-D11D-4B6A-99C8-DB21138544BF}.Debug|x86.ActiveCfg = Debug|Any CPU
		{273FEF56-D11D-4B6A-99C8-DB21138544BF}.Debug|x86.Build.0 = Debug|Any CPU
		{273FEF56-D11D-4B6A-99C8-DB21138544BF}.Release|Any CPU.ActiveCfg = Release|Any CPU
		{273FEF56-D11D-4B6A-99C8-DB21138544BF}.Release|Any CPU.Build.0 = Release|Any CPU
		{273FEF56-D11D-4B6A-99C8-DB21138544BF}.Release|x64.ActiveCfg = Release|Any CPU
		{273FEF56-D11D-4B6A-99C8-DB21138544BF}.Release|x64.Build.0 = Release|Any CPU
		{273FEF56-D11D-4B6A-99C8-DB21138544BF}.Release|x86.ActiveCfg = Release|Any CPU
		{273FEF56-D11D-4B6A-99C8-DB21138544BF}.Release|x86.Build.0 = Release|Any CPU
		{23A0CF11-1E2B-4D38-AB5F-0A77F71F56A0}.Debug|Any CPU.ActiveCfg = Debug|Any CPU
		{23A0CF11-1E2B-4D38-AB5F-0A77F71F56A0}.Debug|Any CPU.Build.0 = Debug|Any CPU
		{23A0CF11-1E2B-4D38-AB5F-0A77F71F56A0}.Debug|x64.ActiveCfg = Debug|Any CPU
		{23A0CF11-1E2B-4D38-AB5F-0A77F71F56A0}.Debug|x64.Build.0 = Debug|Any CPU
		{23A0CF11-1E2B-4D38-AB5F-0A77F71F56A0}.Debug|x86.ActiveCfg = Debug|Any CPU
		{23A0CF11-1E2B-4D38-AB5F-0A77F71F56A0}.Debug|x86.Build.0 = Debug|Any CPU
		{23A0CF11-1E2B-4D38-AB5F-0A77F71F56A0}.Release|Any CPU.ActiveCfg = Release|Any CPU
		{23A0CF11-1E2B-4D38-AB5F-0A77F71F56A0}.Release|Any CPU.Build.0 = Release|Any CPU
		{23A0CF11-1E2B-4D38-AB5F-0A77F71F56A0}.Release|x64.ActiveCfg = Release|Any CPU
		{23A0CF11-1E2B-4D38-AB5F-0A77F71F56A0}.Release|x64.Build.0 = Release|Any CPU
		{23A0CF11-1E2B-4D38-AB5F-0A77F71F56A0}.Release|x86.ActiveCfg = Release|Any CPU
		{23A0CF11-1E2B-4D38-AB5F-0A77F71F56A0}.Release|x86.Build.0 = Release|Any CPU
		{DC463C63-3F52-475E-B60E-7C48529B5631}.Debug|Any CPU.ActiveCfg = Debug|Any CPU
		{DC463C63-3F52-475E-B60E-7C48529B5631}.Debug|Any CPU.Build.0 = Debug|Any CPU
		{DC463C63-3F52-475E-B60E-7C48529B5631}.Debug|x64.ActiveCfg = Debug|Any CPU
		{DC463C63-3F52-475E-B60E-7C48529B5631}.Debug|x64.Build.0 = Debug|Any CPU
		{DC463C63-3F52-475E-B60E-7C48529B5631}.Debug|x86.ActiveCfg = Debug|Any CPU
		{DC463C63-3F52-475E-B60E-7C48529B5631}.Debug|x86.Build.0 = Debug|Any CPU
		{DC463C63-3F52-475E-B60E-7C48529B5631}.Release|Any CPU.ActiveCfg = Release|Any CPU
		{DC463C63-3F52-475E-B60E-7C48529B5631}.Release|Any CPU.Build.0 = Release|Any CPU
		{DC463C63-3F52-475E-B60E-7C48529B5631}.Release|x64.ActiveCfg = Release|Any CPU
		{DC463C63-3F52-475E-B60E-7C48529B5631}.Release|x64.Build.0 = Release|Any CPU
		{DC463C63-3F52-475E-B60E-7C48529B5631}.Release|x86.ActiveCfg = Release|Any CPU
		{DC463C63-3F52-475E-B60E-7C48529B5631}.Release|x86.Build.0 = Release|Any CPU
	EndGlobalSection
EndGlobal
