<Solution>
  <Configurations>
    <Platform Name="Any CPU" />
    <Platform Name="x64" />
    <Platform Name="x86" />
  </Configurations>
  <Project Path="TransactionAnalyzer.Lib.Tests/TransactionAnalyzer.Lib.Tests.csproj" />
  <Project Path="TransactionAnalyzer.Lib/TransactionAnalyzer.Lib.csproj" />
  <Project Path="TransactionAnalyzer/TransactionAnalyzer.csproj" />
</Solution>
